
Microsoft Visual Studio Solution File, Format Version 12.00
# Visual Studio 14
VisualStudioVersion = 14.0.23107.0
MinimumVisualStudioVersion = 10.0.40219.1
Project("{FAE04EC0-301F-11D3-BF4B-00C04F79EFBC}") = "CA1", "CA1\CA1.csproj", "{9222CCF4-09B8-4A48-802D-8134123DDA1F}"
EndProject
Global
	GlobalSection(SolutionConfigurationPlatforms) = preSolution
		Debug|Any CPU = Debug|Any CPU
		Release|Any CPU = Release|Any CPU
	EndGlobalSection
	GlobalSection(ProjectConfigurationPlatforms) = postSolution
		{9222CCF4-09B8-4A48-802D-8134123DDA1F}.Debug|Any CPU.ActiveCfg = Debug|Any CPU
		{9222CCF4-09B8-4A48-802D-8134123DDA1F}.Debug|Any CPU.Build.0 = Debug|Any CPU
		{9222CCF4-09B8-4A48-802D-8134123DDA1F}.Release|Any CPU.ActiveCfg = Release|Any CPU
		{9222CCF4-09B8-4A48-802D-8134123DDA1F}.Release|Any CPU.Build.0 = Release|Any CPU
	EndGlobalSection
	GlobalSection(SolutionProperties) = preSolution
		HideSolutionNode = FALSE
	EndGlobalSection
EndGlobal
